
Microsoft Visual Studio Solution File, Format Version 12.00
# Visual Studio Version 17
VisualStudioVersion = 17.0.32126.317
MinimumVisualStudioVersion = 10.0.40219.1
Project("{FAE04EC0-301F-11D3-BF4B-00C04F79EFBC}") = "WeDrive(FronEnd Updated Design)", "WeDrive(FronEnd Updated Design).csproj", "{3EC2BBDF-F72D-496B-90CB-E24AAF2FF657}"
EndProject
Global
	GlobalSection(SolutionConfigurationPlatforms) = preSolution
		Debug|Any CPU = Debug|Any CPU
		Release|Any CPU = Release|Any CPU
	EndGlobalSection
	GlobalSection(ProjectConfigurationPlatforms) = postSolution
		{3EC2BBDF-F72D-496B-90CB-E24AAF2FF657}.Debug|Any CPU.ActiveCfg = Debug|Any CPU
		{3EC2BBDF-F72D-496B-90CB-E24AAF2FF657}.Debug|Any CPU.Build.0 = Debug|Any CPU
		{3EC2BBDF-F72D-496B-90CB-E24AAF2FF657}.Release|Any CPU.ActiveCfg = Release|Any CPU
		{3EC2BBDF-F72D-496B-90CB-E24AAF2FF657}.Release|Any CPU.Build.0 = Release|Any CPU
	EndGlobalSection
	GlobalSection(SolutionProperties) = preSolution
		HideSolutionNode = FALSE
	EndGlobalSection
	GlobalSection(ExtensibilityGlobals) = postSolution
		SolutionGuid = {B0AC2C54-BDAD-4A91-BD39-B37E898EE966}
	EndGlobalSection
EndGlobal
